
Microsoft Visual Studio Solution File, Format Version 12.00
# Visual Studio 14
VisualStudioVersion = 14.0.25420.1
MinimumVisualStudioVersion = 10.0.40219.1
Project("{FAE04EC0-301F-11D3-BF4B-00C04F79EFBC}") = "Xamarin.OAuth", "Xamarin.OAuth\Xamarin.OAuth.csproj", "{7890372A-4D72-4C5C-9189-D129926D293E}"
EndProject
Project("{FAE04EC0-301F-11D3-BF4B-00C04F79EFBC}") = "Xamarin.OAuth.Droid", "Xamarin.OAuth.Droid\Xamarin.OAuth.Droid.csproj", "{01521930-2898-4D4A-8B62-7C97E537E6C3}"
EndProject
Project("{FAE04EC0-301F-11D3-BF4B-00C04F79EFBC}") = "Xamarin.OAuth.iOS", "Xamarin.OAuth.iOS\Xamarin.OAuth.iOS.csproj", "{48684828-3064-4B63-8153-3A585659622E}"
EndProject
Project("{FAE04EC0-301F-11D3-BF4B-00C04F79EFBC}") = "Xamarin.OAuth.UWP", "Xamarin.OAuth.UWP\Xamarin.OAuth.UWP.csproj", "{EF93548B-64BD-4405-AEC2-27C72A14DE34}"
EndProject
Project("{FAE04EC0-301F-11D3-BF4B-00C04F79EFBC}") = "Xamarin.OAuth.Shared", "Xamarin.OAuth.Shared\Xamarin.OAuth.Shared\Xamarin.OAuth.Shared.csproj", "{F1A50AF4-D946-4C28-B5F4-C4D2201D2A8A}"
EndProject
Global
	GlobalSection(SolutionConfigurationPlatforms) = preSolution
		Ad-Hoc|Any CPU = Ad-Hoc|Any CPU
		Ad-Hoc|ARM = Ad-Hoc|ARM
		Ad-Hoc|iPhone = Ad-Hoc|iPhone
		Ad-Hoc|iPhoneSimulator = Ad-Hoc|iPhoneSimulator
		Ad-Hoc|x64 = Ad-Hoc|x64
		Ad-Hoc|x86 = Ad-Hoc|x86
		AppStore|Any CPU = AppStore|Any CPU
		AppStore|ARM = AppStore|ARM
		AppStore|iPhone = AppStore|iPhone
		AppStore|iPhoneSimulator = AppStore|iPhoneSimulator
		AppStore|x64 = AppStore|x64
		AppStore|x86 = AppStore|x86
		Debug|Any CPU = Debug|Any CPU
		Debug|ARM = Debug|ARM
		Debug|iPhone = Debug|iPhone
		Debug|iPhoneSimulator = Debug|iPhoneSimulator
		Debug|x64 = Debug|x64
		Debug|x86 = Debug|x86
		Release|Any CPU = Release|Any CPU
		Release|ARM = Release|ARM
		Release|iPhone = Release|iPhone
		Release|iPhoneSimulator = Release|iPhoneSimulator
		Release|x64 = Release|x64
		Release|x86 = Release|x86
	EndGlobalSection
	GlobalSection(ProjectConfigurationPlatforms) = postSolution
		{7890372A-4D72-4C5C-9189-D129926D293E}.Ad-Hoc|Any CPU.ActiveCfg = Release|Any CPU
		{7890372A-4D72-4C5C-9189-D129926D293E}.Ad-Hoc|Any CPU.Build.0 = Release|Any CPU
		{7890372A-4D72-4C5C-9189-D129926D293E}.Ad-Hoc|ARM.ActiveCfg = Release|Any CPU
		{7890372A-4D72-4C5C-9189-D129926D293E}.Ad-Hoc|ARM.Build.0 = Release|Any CPU
		{7890372A-4D72-4C5C-9189-D129926D293E}.Ad-Hoc|iPhone.ActiveCfg = Release|Any CPU
		{7890372A-4D72-4C5C-9189-D129926D293E}.Ad-Hoc|iPhone.Build.0 = Release|Any CPU
		{7890372A-4D72-4C5C-9189-D129926D293E}.Ad-Hoc|iPhoneSimulator.ActiveCfg = Release|Any CPU
		{7890372A-4D72-4C5C-9189-D129926D293E}.Ad-Hoc|iPhoneSimulator.Build.0 = Release|Any CPU
		{7890372A-4D72-4C5C-9189-D129926D293E}.Ad-Hoc|x64.ActiveCfg = Release|Any CPU
		{7890372A-4D72-4C5C-9189-D129926D293E}.Ad-Hoc|x64.Build.0 = Release|Any CPU
		{7890372A-4D72-4C5C-9189-D129926D293E}.Ad-Hoc|x86.ActiveCfg = Release|Any CPU
		{7890372A-4D72-4C5C-9189-D129926D293E}.Ad-Hoc|x86.Build.0 = Release|Any CPU
		{7890372A-4D72-4C5C-9189-D129926D293E}.AppStore|Any CPU.ActiveCfg = Release|Any CPU
		{7890372A-4D72-4C5C-9189-D129926D293E}.AppStore|Any CPU.Build.0 = Release|Any CPU
		{7890372A-4D72-4C5C-9189-D129926D293E}.AppStore|ARM.ActiveCfg = Release|Any CPU
		{7890372A-4D72-4C5C-9189-D129926D293E}.AppStore|ARM.Build.0 = Release|Any CPU
		{7890372A-4D72-4C5C-9189-D129926D293E}.AppStore|iPhone.ActiveCfg = Release|Any CPU
		{7890372A-4D72-4C5C-9189-D129926D293E}.AppStore|iPhone.Build.0 = Release|Any CPU
		{7890372A-4D72-4C5C-9189-D129926D293E}.AppStore|iPhoneSimulator.ActiveCfg = Release|Any CPU
		{7890372A-4D72-4C5C-9189-D129926D293E}.AppStore|iPhoneSimulator.Build.0 = Release|Any CPU
		{7890372A-4D72-4C5C-9189-D129926D293E}.AppStore|x64.ActiveCfg = Release|Any CPU
		{7890372A-4D72-4C5C-9189-D129926D293E}.AppStore|x64.Build.0 = Release|Any CPU
		{7890372A-4D72-4C5C-9189-D129926D293E}.AppStore|x86.ActiveCfg = Release|Any CPU
		{7890372A-4D72-4C5C-9189-D129926D293E}.AppStore|x86.Build.0 = Release|Any CPU
		{7890372A-4D72-4C5C-9189-D129926D293E}.Debug|Any CPU.ActiveCfg = Debug|Any CPU
		{7890372A-4D72-4C5C-9189-D129926D293E}.Debug|Any CPU.Build.0 = Debug|Any CPU
		{7890372A-4D72-4C5C-9189-D129926D293E}.Debug|ARM.ActiveCfg = Debug|Any CPU
		{7890372A-4D72-4C5C-9189-D129926D293E}.Debug|ARM.Build.0 = Debug|Any CPU
		{7890372A-4D72-4C5C-9189-D129926D293E}.Debug|iPhone.ActiveCfg = Debug|Any CPU
		{7890372A-4D72-4C5C-9189-D129926D293E}.Debug|iPhone.Build.0 = Debug|Any CPU
		{7890372A-4D72-4C5C-9189-D129926D293E}.Debug|iPhoneSimulator.ActiveCfg = Debug|Any CPU
		{7890372A-4D72-4C5C-9189-D129926D293E}.Debug|iPhoneSimulator.Build.0 = Debug|Any CPU
		{7890372A-4D72-4C5C-9189-D129926D293E}.Debug|x64.ActiveCfg = Debug|Any CPU
		{7890372A-4D72-4C5C-9189-D129926D293E}.Debug|x64.Build.0 = Debug|Any CPU
		{7890372A-4D72-4C5C-9189-D129926D293E}.Debug|x86.ActiveCfg = Debug|Any CPU
		{7890372A-4D72-4C5C-9189-D129926D293E}.Debug|x86.Build.0 = Debug|Any CPU
		{7890372A-4D72-4C5C-9189-D129926D293E}.Release|Any CPU.ActiveCfg = Release|Any CPU
		{7890372A-4D72-4C5C-9189-D129926D293E}.Release|Any CPU.Build.0 = Release|Any CPU
		{7890372A-4D72-4C5C-9189-D129926D293E}.Release|ARM.ActiveCfg = Release|Any CPU
		{7890372A-4D72-4C5C-9189-D129926D293E}.Release|ARM.Build.0 = Release|Any CPU
		{7890372A-4D72-4C5C-9189-D129926D293E}.Release|iPhone.ActiveCfg = Release|Any CPU
		{7890372A-4D72-4C5C-9189-D129926D293E}.Release|iPhone.Build.0 = Release|Any CPU
		{7890372A-4D72-4C5C-9189-D129926D293E}.Release|iPhoneSimulator.ActiveCfg = Release|Any CPU
		{7890372A-4D72-4C5C-9189-D129926D293E}.Release|iPhoneSimulator.Build.0 = Release|Any CPU
		{7890372A-4D72-4C5C-9189-D129926D293E}.Release|x64.ActiveCfg = Release|Any CPU
		{7890372A-4D72-4C5C-9189-D129926D293E}.Release|x64.Build.0 = Release|Any CPU
		{7890372A-4D72-4C5C-9189-D129926D293E}.Release|x86.ActiveCfg = Release|Any CPU
		{7890372A-4D72-4C5C-9189-D129926D293E}.Release|x86.Build.0 = Release|Any CPU
		{01521930-2898-4D4A-8B62-7C97E537E6C3}.Ad-Hoc|Any CPU.ActiveCfg = Release|Any CPU
		{01521930-2898-4D4A-8B62-7C97E537E6C3}.Ad-Hoc|Any CPU.Build.0 = Release|Any CPU
		{01521930-2898-4D4A-8B62-7C97E537E6C3}.Ad-Hoc|Any CPU.Deploy.0 = Release|Any CPU
		{01521930-2898-4D4A-8B62-7C97E537E6C3}.Ad-Hoc|ARM.ActiveCfg = Release|Any CPU
		{01521930-2898-4D4A-8B62-7C97E537E6C3}.Ad-Hoc|ARM.Build.0 = Release|Any CPU
		{01521930-2898-4D4A-8B62-7C97E537E6C3}.Ad-Hoc|ARM.Deploy.0 = Release|Any CPU
		{01521930-2898-4D4A-8B62-7C97E537E6C3}.Ad-Hoc|iPhone.ActiveCfg = Release|Any CPU
		{01521930-2898-4D4A-8B62-7C97E537E6C3}.Ad-Hoc|iPhone.Build.0 = Release|Any CPU
		{01521930-2898-4D4A-8B62-7C97E537E6C3}.Ad-Hoc|iPhone.Deploy.0 = Release|Any CPU
		{01521930-2898-4D4A-8B62-7C97E537E6C3}.Ad-Hoc|iPhoneSimulator.ActiveCfg = Release|Any CPU
		{01521930-2898-4D4A-8B62-7C97E537E6C3}.Ad-Hoc|iPhoneSimulator.Build.0 = Release|Any CPU
		{01521930-2898-4D4A-8B62-7C97E537E6C3}.Ad-Hoc|iPhoneSimulator.Deploy.0 = Release|Any CPU
		{01521930-2898-4D4A-8B62-7C97E537E6C3}.Ad-Hoc|x64.ActiveCfg = Release|Any CPU
		{01521930-2898-4D4A-8B62-7C97E537E6C3}.Ad-Hoc|x64.Build.0 = Release|Any CPU
		{01521930-2898-4D4A-8B62-7C97E537E6C3}.Ad-Hoc|x64.Deploy.0 = Release|Any CPU
		{01521930-2898-4D4A-8B62-7C97E537E6C3}.Ad-Hoc|x86.ActiveCfg = Release|Any CPU
		{01521930-2898-4D4A-8B62-7C97E537E6C3}.Ad-Hoc|x86.Build.0 = Release|Any CPU
		{01521930-2898-4D4A-8B62-7C97E537E6C3}.Ad-Hoc|x86.Deploy.0 = Release|Any CPU
		{01521930-2898-4D4A-8B62-7C97E537E6C3}.AppStore|Any CPU.ActiveCfg = Release|Any CPU
		{01521930-2898-4D4A-8B62-7C97E537E6C3}.AppStore|Any CPU.Build.0 = Release|Any CPU
		{01521930-2898-4D4A-8B62-7C97E537E6C3}.AppStore|Any CPU.Deploy.0 = Release|Any CPU
		{01521930-2898-4D4A-8B62-7C97E537E6C3}.AppStore|ARM.ActiveCfg = Release|Any CPU
		{01521930-2898-4D4A-8B62-7C97E537E6C3}.AppStore|ARM.Build.0 = Release|Any CPU
		{01521930-2898-4D4A-8B62-7C97E537E6C3}.AppStore|ARM.Deploy.0 = Release|Any CPU
		{01521930-2898-4D4A-8B62-7C97E537E6C3}.AppStore|iPhone.ActiveCfg = Release|Any CPU
		{01521930-2898-4D4A-8B62-7C97E537E6C3}.AppStore|iPhone.Build.0 = Release|Any CPU
		{01521930-2898-4D4A-8B62-7C97E537E6C3}.AppStore|iPhone.Deploy.0 = Release|Any CPU
		{01521930-2898-4D4A-8B62-7C97E537E6C3}.AppStore|iPhoneSimulator.ActiveCfg = Release|Any CPU
		{01521930-2898-4D4A-8B62-7C97E537E6C3}.AppStore|iPhoneSimulator.Build.0 = Release|Any CPU
		{01521930-2898-4D4A-8B62-7C97E537E6C3}.AppStore|iPhoneSimulator.Deploy.0 = Release|Any CPU
		{01521930-2898-4D4A-8B62-7C97E537E6C3}.AppStore|x64.ActiveCfg = Release|Any CPU
		{01521930-2898-4D4A-8B62-7C97E537E6C3}.AppStore|x64.Build.0 = Release|Any CPU
		{01521930-2898-4D4A-8B62-7C97E537E6C3}.AppStore|x64.Deploy.0 = Release|Any CPU
		{01521930-2898-4D4A-8B62-7C97E537E6C3}.AppStore|x86.ActiveCfg = Release|Any CPU
		{01521930-2898-4D4A-8B62-7C97E537E6C3}.AppStore|x86.Build.0 = Release|Any CPU
		{01521930-2898-4D4A-8B62-7C97E537E6C3}.AppStore|x86.Deploy.0 = Release|Any CPU
		{01521930-2898-4D4A-8B62-7C97E537E6C3}.Debug|Any CPU.ActiveCfg = Debug|Any CPU
		{01521930-2898-4D4A-8B62-7C97E537E6C3}.Debug|Any CPU.Build.0 = Debug|Any CPU
		{01521930-2898-4D4A-8B62-7C97E537E6C3}.Debug|Any CPU.Deploy.0 = Debug|Any CPU
		{01521930-2898-4D4A-8B62-7C97E537E6C3}.Debug|ARM.ActiveCfg = Debug|Any CPU
		{01521930-2898-4D4A-8B62-7C97E537E6C3}.Debug|ARM.Build.0 = Debug|Any CPU
		{01521930-2898-4D4A-8B62-7C97E537E6C3}.Debug|ARM.Deploy.0 = Debug|Any CPU
		{01521930-2898-4D4A-8B62-7C97E537E6C3}.Debug|iPhone.ActiveCfg = Debug|Any CPU
		{01521930-2898-4D4A-8B62-7C97E537E6C3}.Debug|iPhone.Build.0 = Debug|Any CPU
		{01521930-2898-4D4A-8B62-7C97E537E6C3}.Debug|iPhone.Deploy.0 = Debug|Any CPU
		{01521930-2898-4D4A-8B62-7C97E537E6C3}.Debug|iPhoneSimulator.ActiveCfg = Debug|Any CPU
		{01521930-2898-4D4A-8B62-7C97E537E6C3}.Debug|iPhoneSimulator.Build.0 = Debug|Any CPU
		{01521930-2898-4D4A-8B62-7C97E537E6C3}.Debug|iPhoneSimulator.Deploy.0 = Debug|Any CPU
		{01521930-2898-4D4A-8B62-7C97E537E6C3}.Debug|x64.ActiveCfg = Debug|Any CPU
		{01521930-2898-4D4A-8B62-7C97E537E6C3}.Debug|x64.Build.0 = Debug|Any CPU
		{01521930-2898-4D4A-8B62-7C97E537E6C3}.Debug|x64.Deploy.0 = Debug|Any CPU
		{01521930-2898-4D4A-8B62-7C97E537E6C3}.Debug|x86.ActiveCfg = Debug|Any CPU
		{01521930-2898-4D4A-8B62-7C97E537E6C3}.Debug|x86.Build.0 = Debug|Any CPU
		{01521930-2898-4D4A-8B62-7C97E537E6C3}.Debug|x86.Deploy.0 = Debug|Any CPU
		{01521930-2898-4D4A-8B62-7C97E537E6C3}.Release|Any CPU.ActiveCfg = Release|Any CPU
		{01521930-2898-4D4A-8B62-7C97E537E6C3}.Release|Any CPU.Build.0 = Release|Any CPU
		{01521930-2898-4D4A-8B62-7C97E537E6C3}.Release|Any CPU.Deploy.0 = Release|Any CPU
		{01521930-2898-4D4A-8B62-7C97E537E6C3}.Release|ARM.ActiveCfg = Release|Any CPU
		{01521930-2898-4D4A-8B62-7C97E537E6C3}.Release|ARM.Build.0 = Release|Any CPU
		{01521930-2898-4D4A-8B62-7C97E537E6C3}.Release|ARM.Deploy.0 = Release|Any CPU
		{01521930-2898-4D4A-8B62-7C97E537E6C3}.Release|iPhone.ActiveCfg = Release|Any CPU
		{01521930-2898-4D4A-8B62-7C97E537E6C3}.Release|iPhone.Build.0 = Release|Any CPU
		{01521930-2898-4D4A-8B62-7C97E537E6C3}.Release|iPhone.Deploy.0 = Release|Any CPU
		{01521930-2898-4D4A-8B62-7C97E537E6C3}.Release|iPhoneSimulator.ActiveCfg = Release|Any CPU
		{01521930-2898-4D4A-8B62-7C97E537E6C3}.Release|iPhoneSimulator.Build.0 = Release|Any CPU
		{01521930-2898-4D4A-8B62-7C97E537E6C3}.Release|iPhoneSimulator.Deploy.0 = Release|Any CPU
		{01521930-2898-4D4A-8B62-7C97E537E6C3}.Release|x64.ActiveCfg = Release|Any CPU
		{01521930-2898-4D4A-8B62-7C97E537E6C3}.Release|x64.Build.0 = Release|Any CPU
		{01521930-2898-4D4A-8B62-7C97E537E6C3}.Release|x64.Deploy.0 = Release|Any CPU
		{01521930-2898-4D4A-8B62-7C97E537E6C3}.Release|x86.ActiveCfg = Release|Any CPU
		{01521930-2898-4D4A-8B62-7C97E537E6C3}.Release|x86.Build.0 = Release|Any CPU
		{01521930-2898-4D4A-8B62-7C97E537E6C3}.Release|x86.Deploy.0 = Release|Any CPU
		{48684828-3064-4B63-8153-3A585659622E}.Ad-Hoc|Any CPU.ActiveCfg = Ad-Hoc|iPhone
		{48684828-3064-4B63-8153-3A585659622E}.Ad-Hoc|ARM.ActiveCfg = Ad-Hoc|iPhone
		{48684828-3064-4B63-8153-3A585659622E}.Ad-Hoc|iPhone.ActiveCfg = Ad-Hoc|iPhone
		{48684828-3064-4B63-8153-3A585659622E}.Ad-Hoc|iPhone.Build.0 = Ad-Hoc|iPhone
		{48684828-3064-4B63-8153-3A585659622E}.Ad-Hoc|iPhoneSimulator.ActiveCfg = Ad-Hoc|iPhoneSimulator
		{48684828-3064-4B63-8153-3A585659622E}.Ad-Hoc|iPhoneSimulator.Build.0 = Ad-Hoc|iPhoneSimulator
		{48684828-3064-4B63-8153-3A585659622E}.Ad-Hoc|x64.ActiveCfg = Ad-Hoc|iPhone
		{48684828-3064-4B63-8153-3A585659622E}.Ad-Hoc|x86.ActiveCfg = Ad-Hoc|iPhone
		{48684828-3064-4B63-8153-3A585659622E}.AppStore|Any CPU.ActiveCfg = AppStore|iPhone
		{48684828-3064-4B63-8153-3A585659622E}.AppStore|ARM.ActiveCfg = AppStore|iPhone
		{48684828-3064-4B63-8153-3A585659622E}.AppStore|iPhone.ActiveCfg = AppStore|iPhone
		{48684828-3064-4B63-8153-3A585659622E}.AppStore|iPhone.Build.0 = AppStore|iPhone
		{48684828-3064-4B63-8153-3A585659622E}.AppStore|iPhoneSimulator.ActiveCfg = AppStore|iPhoneSimulator
		{48684828-3064-4B63-8153-3A585659622E}.AppStore|iPhoneSimulator.Build.0 = AppStore|iPhoneSimulator
		{48684828-3064-4B63-8153-3A585659622E}.AppStore|x64.ActiveCfg = AppStore|iPhone
		{48684828-3064-4B63-8153-3A585659622E}.AppStore|x86.ActiveCfg = AppStore|iPhone
		{48684828-3064-4B63-8153-3A585659622E}.Debug|Any CPU.ActiveCfg = Debug|iPhone
		{48684828-3064-4B63-8153-3A585659622E}.Debug|ARM.ActiveCfg = Debug|iPhone
		{48684828-3064-4B63-8153-3A585659622E}.Debug|iPhone.ActiveCfg = Debug|iPhone
		{48684828-3064-4B63-8153-3A585659622E}.Debug|iPhone.Build.0 = Debug|iPhone
		{48684828-3064-4B63-8153-3A585659622E}.Debug|iPhoneSimulator.ActiveCfg = Debug|iPhoneSimulator
		{48684828-3064-4B63-8153-3A585659622E}.Debug|iPhoneSimulator.Build.0 = Debug|iPhoneSimulator
		{48684828-3064-4B63-8153-3A585659622E}.Debug|x64.ActiveCfg = Debug|iPhone
		{48684828-3064-4B63-8153-3A585659622E}.Debug|x86.ActiveCfg = Debug|iPhone
		{48684828-3064-4B63-8153-3A585659622E}.Release|Any CPU.ActiveCfg = Release|iPhone
		{48684828-3064-4B63-8153-3A585659622E}.Release|ARM.ActiveCfg = Release|iPhone
		{48684828-3064-4B63-8153-3A585659622E}.Release|iPhone.ActiveCfg = Release|iPhone
		{48684828-3064-4B63-8153-3A585659622E}.Release|iPhone.Build.0 = Release|iPhone
		{48684828-3064-4B63-8153-3A585659622E}.Release|iPhoneSimulator.ActiveCfg = Release|iPhoneSimulator
		{48684828-3064-4B63-8153-3A585659622E}.Release|iPhoneSimulator.Build.0 = Release|iPhoneSimulator
		{48684828-3064-4B63-8153-3A585659622E}.Release|x64.ActiveCfg = Release|iPhone
		{48684828-3064-4B63-8153-3A585659622E}.Release|x86.ActiveCfg = Release|iPhone
		{EF93548B-64BD-4405-AEC2-27C72A14DE34}.Ad-Hoc|Any CPU.ActiveCfg = Release|x86
		{EF93548B-64BD-4405-AEC2-27C72A14DE34}.Ad-Hoc|Any CPU.Build.0 = Release|x86
		{EF93548B-64BD-4405-AEC2-27C72A14DE34}.Ad-Hoc|Any CPU.Deploy.0 = Release|x86
		{EF93548B-64BD-4405-AEC2-27C72A14DE34}.Ad-Hoc|ARM.ActiveCfg = Release|ARM
		{EF93548B-64BD-4405-AEC2-27C72A14DE34}.Ad-Hoc|ARM.Build.0 = Release|ARM
		{EF93548B-64BD-4405-AEC2-27C72A14DE34}.Ad-Hoc|ARM.Deploy.0 = Release|ARM
		{EF93548B-64BD-4405-AEC2-27C72A14DE34}.Ad-Hoc|iPhone.ActiveCfg = Release|x86
		{EF93548B-64BD-4405-AEC2-27C72A14DE34}.Ad-Hoc|iPhone.Build.0 = Release|x86
		{EF93548B-64BD-4405-AEC2-27C72A14DE34}.Ad-Hoc|iPhone.Deploy.0 = Release|x86
		{EF93548B-64BD-4405-AEC2-27C72A14DE34}.Ad-Hoc|iPhoneSimulator.ActiveCfg = Release|x86
		{EF93548B-64BD-4405-AEC2-27C72A14DE34}.Ad-Hoc|iPhoneSimulator.Build.0 = Release|x86
		{EF93548B-64BD-4405-AEC2-27C72A14DE34}.Ad-Hoc|iPhoneSimulator.Deploy.0 = Release|x86
		{EF93548B-64BD-4405-AEC2-27C72A14DE34}.Ad-Hoc|x64.ActiveCfg = Release|x64
		{EF93548B-64BD-4405-AEC2-27C72A14DE34}.Ad-Hoc|x64.Build.0 = Release|x64
		{EF93548B-64BD-4405-AEC2-27C72A14DE34}.Ad-Hoc|x64.Deploy.0 = Release|x64
		{EF93548B-64BD-4405-AEC2-27C72A14DE34}.Ad-Hoc|x86.ActiveCfg = Release|x86
		{EF93548B-64BD-4405-AEC2-27C72A14DE34}.Ad-Hoc|x86.Build.0 = Release|x86
		{EF93548B-64BD-4405-AEC2-27C72A14DE34}.Ad-Hoc|x86.Deploy.0 = Release|x86
		{EF93548B-64BD-4405-AEC2-27C72A14DE34}.AppStore|Any CPU.ActiveCfg = Release|x86
		{EF93548B-64BD-4405-AEC2-27C72A14DE34}.AppStore|Any CPU.Build.0 = Release|x86
		{EF93548B-64BD-4405-AEC2-27C72A14DE34}.AppStore|Any CPU.Deploy.0 = Release|x86
		{EF93548B-64BD-4405-AEC2-27C72A14DE34}.AppStore|ARM.ActiveCfg = Release|ARM
		{EF93548B-64BD-4405-AEC2-27C72A14DE34}.AppStore|ARM.Build.0 = Release|ARM
		{EF93548B-64BD-4405-AEC2-27C72A14DE34}.AppStore|ARM.Deploy.0 = Release|ARM
		{EF93548B-64BD-4405-AEC2-27C72A14DE34}.AppStore|iPhone.ActiveCfg = Release|x86
		{EF93548B-64BD-4405-AEC2-27C72A14DE34}.AppStore|iPhone.Build.0 = Release|x86
		{EF93548B-64BD-4405-AEC2-27C72A14DE34}.AppStore|iPhone.Deploy.0 = Release|x86
		{EF93548B-64BD-4405-AEC2-27C72A14DE34}.AppStore|iPhoneSimulator.ActiveCfg = Release|x86
		{EF93548B-64BD-4405-AEC2-27C72A14DE34}.AppStore|iPhoneSimulator.Build.0 = Release|x86
		{EF93548B-64BD-4405-AEC2-27C72A14DE34}.AppStore|iPhoneSimulator.Deploy.0 = Release|x86
		{EF93548B-64BD-4405-AEC2-27C72A14DE34}.AppStore|x64.ActiveCfg = Release|x64
		{EF93548B-64BD-4405-AEC2-27C72A14DE34}.AppStore|x64.Build.0 = Release|x64
		{EF93548B-64BD-4405-AEC2-27C72A14DE34}.AppStore|x64.Deploy.0 = Release|x64
		{EF93548B-64BD-4405-AEC2-27C72A14DE34}.AppStore|x86.ActiveCfg = Release|x86
		{EF93548B-64BD-4405-AEC2-27C72A14DE34}.AppStore|x86.Build.0 = Release|x86
		{EF93548B-64BD-4405-AEC2-27C72A14DE34}.AppStore|x86.Deploy.0 = Release|x86
		{EF93548B-64BD-4405-AEC2-27C72A14DE34}.Debug|Any CPU.ActiveCfg = Debug|x86
		{EF93548B-64BD-4405-AEC2-27C72A14DE34}.Debug|Any CPU.Build.0 = Debug|x86
		{EF93548B-64BD-4405-AEC2-27C72A14DE34}.Debug|Any CPU.Deploy.0 = Debug|x86
		{EF93548B-64BD-4405-AEC2-27C72A14DE34}.Debug|ARM.ActiveCfg = Debug|ARM
		{EF93548B-64BD-4405-AEC2-27C72A14DE34}.Debug|ARM.Build.0 = Debug|ARM
		{EF93548B-64BD-4405-AEC2-27C72A14DE34}.Debug|ARM.Deploy.0 = Debug|ARM
		{EF93548B-64BD-4405-AEC2-27C72A14DE34}.Debug|iPhone.ActiveCfg = Debug|x86
		{EF93548B-64BD-4405-AEC2-27C72A14DE34}.Debug|iPhone.Build.0 = Debug|x86
		{EF93548B-64BD-4405-AEC2-27C72A14DE34}.Debug|iPhone.Deploy.0 = Debug|x86
		{EF93548B-64BD-4405-AEC2-27C72A14DE34}.Debug|iPhoneSimulator.ActiveCfg = Debug|x86
		{EF93548B-64BD-4405-AEC2-27C72A14DE34}.Debug|x64.ActiveCfg = Debug|x64
		{EF93548B-64BD-4405-AEC2-27C72A14DE34}.Debug|x64.Build.0 = Debug|x64
		{EF93548B-64BD-4405-AEC2-27C72A14DE34}.Debug|x64.Deploy.0 = Debug|x64
		{EF93548B-64BD-4405-AEC2-27C72A14DE34}.Debug|x86.ActiveCfg = Debug|x86
		{EF93548B-64BD-4405-AEC2-27C72A14DE34}.Debug|x86.Build.0 = Debug|x86
		{EF93548B-64BD-4405-AEC2-27C72A14DE34}.Debug|x86.Deploy.0 = Debug|x86
		{EF93548B-64BD-4405-AEC2-27C72A14DE34}.Release|Any CPU.ActiveCfg = Release|x86
		{EF93548B-64BD-4405-AEC2-27C72A14DE34}.Release|ARM.ActiveCfg = Release|ARM
		{EF93548B-64BD-4405-AEC2-27C72A14DE34}.Release|ARM.Build.0 = Release|ARM
		{EF93548B-64BD-4405-AEC2-27C72A14DE34}.Release|ARM.Deploy.0 = Release|ARM
		{EF93548B-64BD-4405-AEC2-27C72A14DE34}.Release|iPhone.ActiveCfg = Release|x86
		{EF93548B-64BD-4405-AEC2-27C72A14DE34}.Release|iPhoneSimulator.ActiveCfg = Release|x86
		{EF93548B-64BD-4405-AEC2-27C72A14DE34}.Release|x64.ActiveCfg = Release|x64
		{EF93548B-64BD-4405-AEC2-27C72A14DE34}.Release|x64.Build.0 = Release|x64
		{EF93548B-64BD-4405-AEC2-27C72A14DE34}.Release|x64.Deploy.0 = Release|x64
		{EF93548B-64BD-4405-AEC2-27C72A14DE34}.Release|x86.ActiveCfg = Release|x86
		{EF93548B-64BD-4405-AEC2-27C72A14DE34}.Release|x86.Build.0 = Release|x86
		{EF93548B-64BD-4405-AEC2-27C72A14DE34}.Release|x86.Deploy.0 = Release|x86
		{F1A50AF4-D946-4C28-B5F4-C4D2201D2A8A}.Ad-Hoc|Any CPU.ActiveCfg = Release|Any CPU
		{F1A50AF4-D946-4C28-B5F4-C4D2201D2A8A}.Ad-Hoc|Any CPU.Build.0 = Release|Any CPU
		{F1A50AF4-D946-4C28-B5F4-C4D2201D2A8A}.Ad-Hoc|ARM.ActiveCfg = Release|Any CPU
		{F1A50AF4-D946-4C28-B5F4-C4D2201D2A8A}.Ad-Hoc|ARM.Build.0 = Release|Any CPU
		{F1A50AF4-D946-4C28-B5F4-C4D2201D2A8A}.Ad-Hoc|iPhone.ActiveCfg = Release|Any CPU
		{F1A50AF4-D946-4C28-B5F4-C4D2201D2A8A}.Ad-Hoc|iPhone.Build.0 = Release|Any CPU
		{F1A50AF4-D946-4C28-B5F4-C4D2201D2A8A}.Ad-Hoc|iPhoneSimulator.ActiveCfg = Release|Any CPU
		{F1A50AF4-D946-4C28-B5F4-C4D2201D2A8A}.Ad-Hoc|iPhoneSimulator.Build.0 = Release|Any CPU
		{F1A50AF4-D946-4C28-B5F4-C4D2201D2A8A}.Ad-Hoc|x64.ActiveCfg = Release|Any CPU
		{F1A50AF4-D946-4C28-B5F4-C4D2201D2A8A}.Ad-Hoc|x64.Build.0 = Release|Any CPU
		{F1A50AF4-D946-4C28-B5F4-C4D2201D2A8A}.Ad-Hoc|x86.ActiveCfg = Release|Any CPU
		{F1A50AF4-D946-4C28-B5F4-C4D2201D2A8A}.Ad-Hoc|x86.Build.0 = Release|Any CPU
		{F1A50AF4-D946-4C28-B5F4-C4D2201D2A8A}.AppStore|Any CPU.ActiveCfg = Release|Any CPU
		{F1A50AF4-D946-4C28-B5F4-C4D2201D2A8A}.AppStore|Any CPU.Build.0 = Release|Any CPU
		{F1A50AF4-D946-4C28-B5F4-C4D2201D2A8A}.AppStore|ARM.ActiveCfg = Release|Any CPU
		{F1A50AF4-D946-4C28-B5F4-C4D2201D2A8A}.AppStore|ARM.Build.0 = Release|Any CPU
		{F1A50AF4-D946-4C28-B5F4-C4D2201D2A8A}.AppStore|iPhone.ActiveCfg = Release|Any CPU
		{F1A50AF4-D946-4C28-B5F4-C4D2201D2A8A}.AppStore|iPhone.Build.0 = Release|Any CPU
		{F1A50AF4-D946-4C28-B5F4-C4D2201D2A8A}.AppStore|iPhoneSimulator.ActiveCfg = Release|Any CPU
		{F1A50AF4-D946-4C28-B5F4-C4D2201D2A8A}.AppStore|iPhoneSimulator.Build.0 = Release|Any CPU
		{F1A50AF4-D946-4C28-B5F4-C4D2201D2A8A}.AppStore|x64.ActiveCfg = Release|Any CPU
		{F1A50AF4-D946-4C28-B5F4-C4D2201D2A8A}.AppStore|x64.Build.0 = Release|Any CPU
		{F1A50AF4-D946-4C28-B5F4-C4D2201D2A8A}.AppStore|x86.ActiveCfg = Release|Any CPU
		{F1A50AF4-D946-4C28-B5F4-C4D2201D2A8A}.AppStore|x86.Build.0 = Release|Any CPU
		{F1A50AF4-D946-4C28-B5F4-C4D2201D2A8A}.Debug|Any CPU.ActiveCfg = Debug|Any CPU
		{F1A50AF4-D946-4C28-B5F4-C4D2201D2A8A}.Debug|Any CPU.Build.0 = Debug|Any CPU
		{F1A50AF4-D946-4C28-B5F4-C4D2201D2A8A}.Debug|ARM.ActiveCfg = Debug|Any CPU
		{F1A50AF4-D946-4C28-B5F4-C4D2201D2A8A}.Debug|ARM.Build.0 = Debug|Any CPU
		{F1A50AF4-D946-4C28-B5F4-C4D2201D2A8A}.Debug|iPhone.ActiveCfg = Debug|Any CPU
		{F1A50AF4-D946-4C28-B5F4-C4D2201D2A8A}.Debug|iPhone.Build.0 = Debug|Any CPU
		{F1A50AF4-D946-4C28-B5F4-C4D2201D2A8A}.Debug|iPhoneSimulator.ActiveCfg = Debug|Any CPU
		{F1A50AF4-D946-4C28-B5F4-C4D2201D2A8A}.Debug|iPhoneSimulator.Build.0 = Debug|Any CPU
		{F1A50AF4-D946-4C28-B5F4-C4D2201D2A8A}.Debug|x64.ActiveCfg = Debug|Any CPU
		{F1A50AF4-D946-4C28-B5F4-C4D2201D2A8A}.Debug|x64.Build.0 = Debug|Any CPU
		{F1A50AF4-D946-4C28-B5F4-C4D2201D2A8A}.Debug|x86.ActiveCfg = Debug|Any CPU
		{F1A50AF4-D946-4C28-B5F4-C4D2201D2A8A}.Debug|x86.Build.0 = Debug|Any CPU
		{F1A50AF4-D946-4C28-B5F4-C4D2201D2A8A}.Release|Any CPU.ActiveCfg = Release|Any CPU
		{F1A50AF4-D946-4C28-B5F4-C4D2201D2A8A}.Release|Any CPU.Build.0 = Release|Any CPU
		{F1A50AF4-D946-4C28-B5F4-C4D2201D2A8A}.Release|ARM.ActiveCfg = Release|Any CPU
		{F1A50AF4-D946-4C28-B5F4-C4D2201D2A8A}.Release|ARM.Build.0 = Release|Any CPU
		{F1A50AF4-D946-4C28-B5F4-C4D2201D2A8A}.Release|iPhone.ActiveCfg = Release|Any CPU
		{F1A50AF4-D946-4C28-B5F4-C4D2201D2A8A}.Release|iPhone.Build.0 = Release|Any CPU
		{F1A50AF4-D946-4C28-B5F4-C4D2201D2A8A}.Release|iPhoneSimulator.ActiveCfg = Release|Any CPU
		{F1A50AF4-D946-4C28-B5F4-C4D2201D2A8A}.Release|iPhoneSimulator.Build.0 = Release|Any CPU
		{F1A50AF4-D946-4C28-B5F4-C4D2201D2A8A}.Release|x64.ActiveCfg = Release|Any CPU
		{F1A50AF4-D946-4C28-B5F4-C4D2201D2A8A}.Release|x64.Build.0 = Release|Any CPU
		{F1A50AF4-D946-4C28-B5F4-C4D2201D2A8A}.Release|x86.ActiveCfg = Release|Any CPU
		{F1A50AF4-D946-4C28-B5F4-C4D2201D2A8A}.Release|x86.Build.0 = Release|Any CPU
	EndGlobalSection
	GlobalSection(SolutionProperties) = preSolution
		HideSolutionNode = FALSE
	EndGlobalSection
EndGlobal
